
Microsoft Visual Studio Solution File, Format Version 12.00
# Visual Studio Version 17
VisualStudioVersion = 17.0.31903.59
MinimumVisualStudioVersion = 10.0.40219.1
Project("{2150E333-8FDC-42A3-9474-1A3956D46DE8}") = "src", "src", "{827E0CD3-B72D-47B6-A68D-7590B98EB39B}"
EndProject
Project("{2150E333-8FDC-42A3-9474-1A3956D46DE8}") = "SahilAI.Domain", "SahilAI.Domain", "{D1E84DAA-2FC9-7DE9-1257-73DA92B84FF9}"
EndProject
Project("{FAE04EC0-301F-11D3-BF4B-00C04F79EFBC}") = "SahilAI.Domain", "src\SahilAI.Domain\SahilAI.Domain\SahilAI.Domain.csproj", "{82AC11F1-0A96-4D38-8C43-66D40FD9E3CE}"
EndProject
Project("{FAE04EC0-301F-11D3-BF4B-00C04F79EFBC}") = "SahilAI.Application", "src\SahilAI.Application\SahilAI.Application.csproj", "{154928C5-17E5-4922-86BF-3BBD6FE1D9FF}"
EndProject
Project("{FAE04EC0-301F-11D3-BF4B-00C04F79EFBC}") = "SahilAI.Infrastructure", "src\SahilAI.Infrastructure\SahilAI.Infrastructure.csproj", "{BD21B8C7-CA2D-4B0C-A3FE-AF8C85524BE6}"
EndProject
Project("{FAE04EC0-301F-11D3-BF4B-00C04F79EFBC}") = "SahilAI.Worker", "src\SahilAI.Worker\SahilAI.Worker.csproj", "{9D4864E1-23A4-4AC6-8F6F-8EDB45A10C78}"
EndProject
Project("{FAE04EC0-301F-11D3-BF4B-00C04F79EFBC}") = "SahilAI.Tests", "tests\SahilAI.Tests\SahilAI.Tests.csproj", "{8F2E392D-8FBE-4936-A3DF-AF14D7DB80FD}"
EndProject
Project("{2150E333-8FDC-42A3-9474-1A3956D46DE8}") = "tools", "tools", "{07C2787E-EAC7-C090-1BA3-A61EC2A24D84}"
EndProject
Project("{FAE04EC0-301F-11D3-BF4B-00C04F79EFBC}") = "SahilAI.SampleGenerator", "tools\SahilAI.SampleGenerator\SahilAI.SampleGenerator.csproj", "{8EA875DE-A4B8-4B13-9759-C41DFBE843B0}"
EndProject
Project("{FAE04EC0-301F-11D3-BF4B-00C04F79EFBC}") = "SahilAI.Web", "src\SahilAI.Web\SahilAI.Web.csproj", "{734B2FFB-C77E-46B0-93C3-33C5CF42ABE8}"
EndProject
Global
	GlobalSection(SolutionConfigurationPlatforms) = preSolution
		Debug|Any CPU = Debug|Any CPU
		Debug|x64 = Debug|x64
		Debug|x86 = Debug|x86
		Release|Any CPU = Release|Any CPU
		Release|x64 = Release|x64
		Release|x86 = Release|x86
	EndGlobalSection
	GlobalSection(ProjectConfigurationPlatforms) = postSolution
		{82AC11F1-0A96-4D38-8C43-66D40FD9E3CE}.Debug|Any CPU.ActiveCfg = Debug|Any CPU
		{82AC11F1-0A96-4D38-8C43-66D40FD9E3CE}.Debug|Any CPU.Build.0 = Debug|Any CPU
		{82AC11F1-0A96-4D38-8C43-66D40FD9E3CE}.Debug|x64.ActiveCfg = Debug|Any CPU
		{82AC11F1-0A96-4D38-8C43-66D40FD9E3CE}.Debug|x64.Build.0 = Debug|Any CPU
		{82AC11F1-0A96-4D38-8C43-66D40FD9E3CE}.Debug|x86.ActiveCfg = Debug|Any CPU
		{82AC11F1-0A96-4D38-8C43-66D40FD9E3CE}.Debug|x86.Build.0 = Debug|Any CPU
		{82AC11F1-0A96-4D38-8C43-66D40FD9E3CE}.Release|Any CPU.ActiveCfg = Release|Any CPU
		{82AC11F1-0A96-4D38-8C43-66D40FD9E3CE}.Release|Any CPU.Build.0 = Release|Any CPU
		{82AC11F1-0A96-4D38-8C43-66D40FD9E3CE}.Release|x64.ActiveCfg = Release|Any CPU
		{82AC11F1-0A96-4D38-8C43-66D40FD9E3CE}.Release|x64.Build.0 = Release|Any CPU
		{82AC11F1-0A96-4D38-8C43-66D40FD9E3CE}.Release|x86.ActiveCfg = Release|Any CPU
		{82AC11F1-0A96-4D38-8C43-66D40FD9E3CE}.Release|x86.Build.0 = Release|Any CPU
		{154928C5-17E5-4922-86BF-3BBD6FE1D9FF}.Debug|Any CPU.ActiveCfg = Debug|Any CPU
		{154928C5-17E5-4922-86BF-3BBD6FE1D9FF}.Debug|Any CPU.Build.0 = Debug|Any CPU
		{154928C5-17E5-4922-86BF-3BBD6FE1D9FF}.Debug|x64.ActiveCfg = Debug|Any CPU
		{154928C5-17E5-4922-86BF-3BBD6FE1D9FF}.Debug|x64.Build.0 = Debug|Any CPU
		{154928C5-17E5-4922-86BF-3BBD6FE1D9FF}.Debug|x86.ActiveCfg = Debug|Any CPU
		{154928C5-17E5-4922-86BF-3BBD6FE1D9FF}.Debug|x86.Build.0 = Debug|Any CPU
		{154928C5-17E5-4922-86BF-3BBD6FE1D9FF}.Release|Any CPU.ActiveCfg = Release|Any CPU
		{154928C5-17E5-4922-86BF-3BBD6FE1D9FF}.Release|Any CPU.Build.0 = Release|Any CPU
		{154928C5-17E5-4922-86BF-3BBD6FE1D9FF}.Release|x64.ActiveCfg = Release|Any CPU
		{154928C5-17E5-4922-86BF-3BBD6FE1D9FF}.Release|x64.Build.0 = Release|Any CPU
		{154928C5-17E5-4922-86BF-3BBD6FE1D9FF}.Release|x86.ActiveCfg = Release|Any CPU
		{154928C5-17E5-4922-86BF-3BBD6FE1D9FF}.Release|x86.Build.0 = Release|Any CPU
		{BD21B8C7-CA2D-4B0C-A3FE-AF8C85524BE6}.Debug|Any CPU.ActiveCfg = Debug|Any CPU
		{BD21B8C7-CA2D-4B0C-A3FE-AF8C85524BE6}.Debug|Any CPU.Build.0 = Debug|Any CPU
		{BD21B8C7-CA2D-4B0C-A3FE-AF8C85524BE6}.Debug|x64.ActiveCfg = Debug|Any CPU
		{BD21B8C7-CA2D-4B0C-A3FE-AF8C85524BE6}.Debug|x64.Build.0 = Debug|Any CPU
		{BD21B8C7-CA2D-4B0C-A3FE-AF8C85524BE6}.Debug|x86.ActiveCfg = Debug|Any CPU
		{BD21B8C7-CA2D-4B0C-A3FE-AF8C85524BE6}.Debug|x86.Build.0 = Debug|Any CPU
		{BD21B8C7-CA2D-4B0C-A3FE-AF8C85524BE6}.Release|Any CPU.ActiveCfg = Release|Any CPU
		{BD21B8C7-CA2D-4B0C-A3FE-AF8C85524BE6}.Release|Any CPU.Build.0 = Release|Any CPU
		{BD21B8C7-CA2D-4B0C-A3FE-AF8C85524BE6}.Release|x64.ActiveCfg = Release|Any CPU
		{BD21B8C7-CA2D-4B0C-A3FE-AF8C85524BE6}.Release|x64.Build.0 = Release|Any CPU
		{BD21B8C7-CA2D-4B0C-A3FE-AF8C85524BE6}.Release|x86.ActiveCfg = Release|Any CPU
		{BD21B8C7-CA2D-4B0C-A3FE-AF8C85524BE6}.Release|x86.Build.0 = Release|Any CPU
		{9D4864E1-23A4-4AC6-8F6F-8EDB45A10C78}.Debug|Any CPU.ActiveCfg = Debug|Any CPU
		{9D4864E1-23A4-4AC6-8F6F-8EDB45A10C78}.Debug|Any CPU.Build.0 = Debug|Any CPU
		{9D4864E1-23A4-4AC6-8F6F-8EDB45A10C78}.Debug|x64.ActiveCfg = Debug|Any CPU
		{9D4864E1-23A4-4AC6-8F6F-8EDB45A10C78}.Debug|x64.Build.0 = Debug|Any CPU
		{9D4864E1-23A4-4AC6-8F6F-8EDB45A10C78}.Debug|x86.ActiveCfg = Debug|Any CPU
		{9D4864E1-23A4-4AC6-8F6F-8EDB45A10C78}.Debug|x86.Build.0 = Debug|Any CPU
		{9D4864E1-23A4-4AC6-8F6F-8EDB45A10C78}.Release|Any CPU.ActiveCfg = Release|Any CPU
		{9D4864E1-23A4-4AC6-8F6F-8EDB45A10C78}.Release|Any CPU.Build.0 = Release|Any CPU
		{9D4864E1-23A4-4AC6-8F6F-8EDB45A10C78}.Release|x64.ActiveCfg = Release|Any CPU
		{9D4864E1-23A4-4AC6-8F6F-8EDB45A10C78}.Release|x64.Build.0 = Release|Any CPU
		{9D4864E1-23A4-4AC6-8F6F-8EDB45A10C78}.Release|x86.ActiveCfg = Release|Any CPU
		{9D4864E1-23A4-4AC6-8F6F-8EDB45A10C78}.Release|x86.Build.0 = Release|Any CPU
		{8F2E392D-8FBE-4936-A3DF-AF14D7DB80FD}.Debug|Any CPU.ActiveCfg = Debug|Any CPU
		{8F2E392D-8FBE-4936-A3DF-AF14D7DB80FD}.Debug|Any CPU.Build.0 = Debug|Any CPU
		{8F2E392D-8FBE-4936-A3DF-AF14D7DB80FD}.Debug|x64.ActiveCfg = Debug|Any CPU
		{8F2E392D-8FBE-4936-A3DF-AF14D7DB80FD}.Debug|x64.Build.0 = Debug|Any CPU
		{8F2E392D-8FBE-4936-A3DF-AF14D7DB80FD}.Debug|x86.ActiveCfg = Debug|Any CPU
		{8F2E392D-8FBE-4936-A3DF-AF14D7DB80FD}.Debug|x86.Build.0 = Debug|Any CPU
		{8F2E392D-8FBE-4936-A3DF-AF14D7DB80FD}.Release|Any CPU.ActiveCfg = Release|Any CPU
		{8F2E392D-8FBE-4936-A3DF-AF14D7DB80FD}.Release|Any CPU.Build.0 = Release|Any CPU
		{8F2E392D-8FBE-4936-A3DF-AF14D7DB80FD}.Release|x64.ActiveCfg = Release|Any CPU
		{8F2E392D-8FBE-4936-A3DF-AF14D7DB80FD}.Release|x64.Build.0 = Release|Any CPU
		{8F2E392D-8FBE-4936-A3DF-AF14D7DB80FD}.Release|x86.ActiveCfg = Release|Any CPU
		{8F2E392D-8FBE-4936-A3DF-AF14D7DB80FD}.Release|x86.Build.0 = Release|Any CPU
		{8EA875DE-A4B8-4B13-9759-C41DFBE843B0}.Debug|Any CPU.ActiveCfg = Debug|Any CPU
		{8EA875DE-A4B8-4B13-9759-C41DFBE843B0}.Debug|Any CPU.Build.0 = Debug|Any CPU
		{8EA875DE-A4B8-4B13-9759-C41DFBE843B0}.Debug|x64.ActiveCfg = Debug|Any CPU
		{8EA875DE-A4B8-4B13-9759-C41DFBE843B0}.Debug|x64.Build.0 = Debug|Any CPU
		{8EA875DE-A4B8-4B13-9759-C41DFBE843B0}.Debug|x86.ActiveCfg = Debug|Any CPU
		{8EA875DE-A4B8-4B13-9759-C41DFBE843B0}.Debug|x86.Build.0 = Debug|Any CPU
		{8EA875DE-A4B8-4B13-9759-C41DFBE843B0}.Release|Any CPU.ActiveCfg = Release|Any CPU
		{8EA875DE-A4B8-4B13-9759-C41DFBE843B0}.Release|Any CPU.Build.0 = Release|Any CPU
		{8EA875DE-A4B8-4B13-9759-C41DFBE843B0}.Release|x64.ActiveCfg = Release|Any CPU
		{8EA875DE-A4B8-4B13-9759-C41DFBE843B0}.Release|x64.Build.0 = Release|Any CPU
		{8EA875DE-A4B8-4B13-9759-C41DFBE843B0}.Release|x86.ActiveCfg = Release|Any CPU
		{8EA875DE-A4B8-4B13-9759-C41DFBE843B0}.Release|x86.Build.0 = Release|Any CPU
		{734B2FFB-C77E-46B0-93C3-33C5CF42ABE8}.Debug|Any CPU.ActiveCfg = Debug|Any CPU
		{734B2FFB-C77E-46B0-93C3-33C5CF42ABE8}.Debug|Any CPU.Build.0 = Debug|Any CPU
		{734B2FFB-C77E-46B0-93C3-33C5CF42ABE8}.Debug|x64.ActiveCfg = Debug|Any CPU
		{734B2FFB-C77E-46B0-93C3-33C5CF42ABE8}.Debug|x64.Build.0 = Debug|Any CPU
		{734B2FFB-C77E-46B0-93C3-33C5CF42ABE8}.Debug|x86.ActiveCfg = Debug|Any CPU
		{734B2FFB-C77E-46B0-93C3-33C5CF42ABE8}.Debug|x86.Build.0 = Debug|Any CPU
		{734B2FFB-C77E-46B0-93C3-33C5CF42ABE8}.Release|Any CPU.ActiveCfg = Release|Any CPU
		{734B2FFB-C77E-46B0-93C3-33C5CF42ABE8}.Release|Any CPU.Build.0 = Release|Any CPU
		{734B2FFB-C77E-46B0-93C3-33C5CF42ABE8}.Release|x64.ActiveCfg = Release|Any CPU
		{734B2FFB-C77E-46B0-93C3-33C5CF42ABE8}.Release|x64.Build.0 = Release|Any CPU
		{734B2FFB-C77E-46B0-93C3-33C5CF42ABE8}.Release|x86.ActiveCfg = Release|Any CPU
		{734B2FFB-C77E-46B0-93C3-33C5CF42ABE8}.Release|x86.Build.0 = Release|Any CPU
	EndGlobalSection
	GlobalSection(SolutionProperties) = preSolution
		HideSolutionNode = FALSE
	EndGlobalSection
	GlobalSection(NestedProjects) = preSolution
		{D1E84DAA-2FC9-7DE9-1257-73DA92B84FF9} = {827E0CD3-B72D-47B6-A68D-7590B98EB39B}
		{82AC11F1-0A96-4D38-8C43-66D40FD9E3CE} = {D1E84DAA-2FC9-7DE9-1257-73DA92B84FF9}
		{154928C5-17E5-4922-86BF-3BBD6FE1D9FF} = {D1E84DAA-2FC9-7DE9-1257-73DA92B84FF9}
		{BD21B8C7-CA2D-4B0C-A3FE-AF8C85524BE6} = {D1E84DAA-2FC9-7DE9-1257-73DA92B84FF9}
		{9D4864E1-23A4-4AC6-8F6F-8EDB45A10C78} = {D1E84DAA-2FC9-7DE9-1257-73DA92B84FF9}
		{8F2E392D-8FBE-4936-A3DF-AF14D7DB80FD} = {D1E84DAA-2FC9-7DE9-1257-73DA92B84FF9}
		{8EA875DE-A4B8-4B13-9759-C41DFBE843B0} = {07C2787E-EAC7-C090-1BA3-A61EC2A24D84}
		{734B2FFB-C77E-46B0-93C3-33C5CF42ABE8} = {827E0CD3-B72D-47B6-A68D-7590B98EB39B}
	EndGlobalSection
EndGlobal
